{
  "version": 4,
  "terraform_version": "1.3.2",
  "serial": 4,
  "lineage": "d74ee89e-57b3-5ead-ed64-d2da130510e8",
  "outputs": {},
  "resources": [
    {
      "mode": "managed",
      "type": "aws_vpc",
      "name": "tf_vpc",
      "provider": "provider[\"registry.terraform.io/hashicorp/aws\"]",
      "instances": [
        {
          "schema_version": 1,
          "attributes": {
            "arn": "arn:aws:ec2:us-east-1:797041117166:vpc/vpc-09cf92de83e063b9a",
            "assign_generated_ipv6_cidr_block": false,
            "cidr_block": "192.168.0.0/24",
            "default_network_acl_id": "acl-0f99bdf0671c49a77",
            "default_route_table_id": "rtb-0fc3e1a5331a88ad0",
            "default_security_group_id": "sg-0eaff8aa77a17e565",
            "dhcp_options_id": "dopt-08922bb9ab5e4d552",
            "enable_classiclink": false,
            "enable_classiclink_dns_support": false,
            "enable_dns_hostnames": false,
            "enable_dns_support": true,
            "enable_network_address_usage_metrics": false,
            "id": "vpc-09cf92de83e063b9a",
            "instance_tenancy": "default",
            "ipv4_ipam_pool_id": null,
            "ipv4_netmask_length": null,
            "ipv6_association_id": "",
            "ipv6_cidr_block": "",
            "ipv6_cidr_block_network_border_group": "",
            "ipv6_ipam_pool_id": "",
            "ipv6_netmask_length": 0,
            "main_route_table_id": "rtb-0fc3e1a5331a88ad0",
            "owner_id": "797041117166",
            "tags": {
              "Name": "vpc from tf"
            },
            "tags_all": {
              "Name": "vpc from tf"
            }
          },
          "sensitive_attributes": [],
          "private": "eyJzY2hlbWFfdmVyc2lvbiI6IjEifQ=="
        }
      ]
    }
  ],
  "check_results": []
}
